
Microsoft Visual Studio Solution File, Format Version 12.00
# Visual Studio Version 16
VisualStudioVersion = 16.0.29806.167
MinimumVisualStudioVersion = 10.0.40219.1
Project("{FAE04EC0-301F-11D3-BF4B-00C04F79EFBC}") = "ElevenNote.WebAPI", "ElevenNote.WebAPI\ElevenNote.WebAPI.csproj", "{536D89F0-BD4C-44FF-86BF-03A89354BA72}"
EndProject
Project("{FAE04EC0-301F-11D3-BF4B-00C04F79EFBC}") = "ElevenNote.Data", "ElevenNote.Data\ElevenNote.Data.csproj", "{1B2B2982-C23F-4782-86BC-36269FAEF1CB}"
EndProject
Project("{FAE04EC0-301F-11D3-BF4B-00C04F79EFBC}") = "ElevenNote.Models", "ElevenNote.Models\ElevenNote.Models.csproj", "{A16706E9-D3BD-4F41-9273-D7AD211000D2}"
EndProject
Project("{FAE04EC0-301F-11D3-BF4B-00C04F79EFBC}") = "ElevenNote.Services", "ElevenNote.Services\ElevenNote.Services.csproj", "{450AB8F2-434E-4AC5-A7FD-B60A5B05D154}"
EndProject
Global
	GlobalSection(SolutionConfigurationPlatforms) = preSolution
		Debug|Any CPU = Debug|Any CPU
		Release|Any CPU = Release|Any CPU
	EndGlobalSection
	GlobalSection(ProjectConfigurationPlatforms) = postSolution
		{536D89F0-BD4C-44FF-86BF-03A89354BA72}.Debug|Any CPU.ActiveCfg = Debug|Any CPU
		{536D89F0-BD4C-44FF-86BF-03A89354BA72}.Debug|Any CPU.Build.0 = Debug|Any CPU
		{536D89F0-BD4C-44FF-86BF-03A89354BA72}.Release|Any CPU.ActiveCfg = Release|Any CPU
		{536D89F0-BD4C-44FF-86BF-03A89354BA72}.Release|Any CPU.Build.0 = Release|Any CPU
		{1B2B2982-C23F-4782-86BC-36269FAEF1CB}.Debug|Any CPU.ActiveCfg = Debug|Any CPU
		{1B2B2982-C23F-4782-86BC-36269FAEF1CB}.Debug|Any CPU.Build.0 = Debug|Any CPU
		{1B2B2982-C23F-4782-86BC-36269FAEF1CB}.Release|Any CPU.ActiveCfg = Release|Any CPU
		{1B2B2982-C23F-4782-86BC-36269FAEF1CB}.Release|Any CPU.Build.0 = Release|Any CPU
		{A16706E9-D3BD-4F41-9273-D7AD211000D2}.Debug|Any CPU.ActiveCfg = Debug|Any CPU
		{A16706E9-D3BD-4F41-9273-D7AD211000D2}.Debug|Any CPU.Build.0 = Debug|Any CPU
		{A16706E9-D3BD-4F41-9273-D7AD211000D2}.Release|Any CPU.ActiveCfg = Release|Any CPU
		{A16706E9-D3BD-4F41-9273-D7AD211000D2}.Release|Any CPU.Build.0 = Release|Any CPU
		{450AB8F2-434E-4AC5-A7FD-B60A5B05D154}.Debug|Any CPU.ActiveCfg = Debug|Any CPU
		{450AB8F2-434E-4AC5-A7FD-B60A5B05D154}.Debug|Any CPU.Build.0 = Debug|Any CPU
		{450AB8F2-434E-4AC5-A7FD-B60A5B05D154}.Release|Any CPU.ActiveCfg = Release|Any CPU
		{450AB8F2-434E-4AC5-A7FD-B60A5B05D154}.Release|Any CPU.Build.0 = Release|Any CPU
	EndGlobalSection
	GlobalSection(SolutionProperties) = preSolution
		HideSolutionNode = FALSE
	EndGlobalSection
	GlobalSection(ExtensibilityGlobals) = postSolution
		SolutionGuid = {5BA8728B-39AF-46D2-BB15-5086E6D3EB32}
	EndGlobalSection
EndGlobal
